Microsoft Visual Studio Solution File, Format Version 12.00
# Visual Studio Version 17
VisualStudioVersion = 17.5.2.0
MinimumVisualStudioVersion = 10.0.40219.1
Project("{FAE04EC0-301F-11D3-BF4B-00C04F79EFBC}") = "hallowe_backend", "hallowe_backend\hallowe_backend.csproj", "{0ACDC2B2-95CC-11F2-6BBE-BAEB45126C0A}"
EndProject
Global
	GlobalSection(SolutionConfigurationPlatforms) = preSolution
		Debug|Any CPU = Debug|Any CPU
		Release|Any CPU = Release|Any CPU
	EndGlobalSection
	GlobalSection(ProjectConfigurationPlatforms) = postSolution
		{0ACDC2B2-95CC-11F2-6BBE-BAEB45126C0A}.Debug|Any CPU.ActiveCfg = Debug|Any CPU
		{0ACDC2B2-95CC-11F2-6BBE-BAEB45126C0A}.Debug|Any CPU.Build.0 = Debug|Any CPU
		{0ACDC2B2-95CC-11F2-6BBE-BAEB45126C0A}.Release|Any CPU.ActiveCfg = Release|Any CPU
		{0ACDC2B2-95CC-11F2-6BBE-BAEB45126C0A}.Release|Any CPU.Build.0 = Release|Any CPU
	EndGlobalSection
	GlobalSection(SolutionProperties) = preSolution
		HideSolutionNode = FALSE
	EndGlobalSection
	GlobalSection(ExtensibilityGlobals) = postSolution
		SolutionGuid = {FE68211B-0313-4AC4-95F1-B05048620709}
	EndGlobalSection
EndGlobal
